
Microsoft Visual Studio Solution File, Format Version 12.00
# Visual Studio 15
VisualStudioVersion = 15.0.28010.2050
MinimumVisualStudioVersion = 10.0.40219.1
Project("{FAE04EC0-301F-11D3-BF4B-00C04F79EFBC}") = "flutterlog", "flutterlog\flutterlog.csproj", "{422181B7-39DB-44F4-A08D-F5423C40673A}"
EndProject
Global
	GlobalSection(SolutionConfigurationPlatforms) = preSolution
		Debug|Any CPU = Debug|Any CPU
		Release|Any CPU = Release|Any CPU
	EndGlobalSection
	GlobalSection(ProjectConfigurationPlatforms) = postSolution
		{422181B7-39DB-44F4-A08D-F5423C40673A}.Debug|Any CPU.ActiveCfg = Debug|Any CPU
		{422181B7-39DB-44F4-A08D-F5423C40673A}.Debug|Any CPU.Build.0 = Debug|Any CPU
		{422181B7-39DB-44F4-A08D-F5423C40673A}.Release|Any CPU.ActiveCfg = Release|Any CPU
		{422181B7-39DB-44F4-A08D-F5423C40673A}.Release|Any CPU.Build.0 = Release|Any CPU
	EndGlobalSection
	GlobalSection(SolutionProperties) = preSolution
		HideSolutionNode = FALSE
	EndGlobalSection
	GlobalSection(ExtensibilityGlobals) = postSolution
		SolutionGuid = {C132AF9A-AD63-46EF-9BC9-F4F962017ED6}
	EndGlobalSection
EndGlobal
